
Microsoft Visual Studio Solution File, Format Version 12.00
# Visual Studio Version 17
VisualStudioVersion = 17.1.32319.34
MinimumVisualStudioVersion = 10.0.40219.1
Project("{FAE04EC0-301F-11D3-BF4B-00C04F79EFBC}") = "star", "star.csproj", "{EF780F2F-F352-41A2-B520-80E6D602F396}"
EndProject
Global
	GlobalSection(SolutionConfigurationPlatforms) = preSolution
		Debug|Any CPU = Debug|Any CPU
		Release|Any CPU = Release|Any CPU
	EndGlobalSection
	GlobalSection(ProjectConfigurationPlatforms) = postSolution
		{EF780F2F-F352-41A2-B520-80E6D602F396}.Debug|Any CPU.ActiveCfg = Debug|Any CPU
		{EF780F2F-F352-41A2-B520-80E6D602F396}.Debug|Any CPU.Build.0 = Debug|Any CPU
		{EF780F2F-F352-41A2-B520-80E6D602F396}.Release|Any CPU.ActiveCfg = Release|Any CPU
		{EF780F2F-F352-41A2-B520-80E6D602F396}.Release|Any CPU.Build.0 = Release|Any CPU
	EndGlobalSection
	GlobalSection(SolutionProperties) = preSolution
		HideSolutionNode = FALSE
	EndGlobalSection
	GlobalSection(ExtensibilityGlobals) = postSolution
		SolutionGuid = {81BABAFA-C9BC-4C64-A305-562D04035382}
	EndGlobalSection
EndGlobal
